{
  "name": "Zentrix_Academy",
  "lockfileVersion": 3,
  "requires": true,
  "packages": {
    "": {
      "devDependencies": {
        "@cloudflare/workerd-windows-64": "^1.20260801.1"
      }
    },
    "node_modules/@cloudflare/workerd-windows-64": {
      "version": "1.20260801.1",
      "resolved": "https://registry.npmjs.org/@cloudflare/workerd-windows-64/-/workerd-windows-64-1.20260801.1.tgz",
      "integrity": "sha512-2oQz+Ksu4ji6e/+ZoYX+tWQEcxAii2p7l+iR8kx48W1llMalaufAsmVxTlk+3/vrM7D3/2c0iK448e0UQTcIMg==",
      "cpu": [
        "x64"
      ],
      "dev": true,
      "license": "Apache-2.0",
      "os": [
        "win32"
      ],
      "engines": {
        "node": ">=16"
      }
    }
  }
}
